
Microsoft Visual Studio Solution File, Format Version 12.00
# Visual Studio Version 17
VisualStudioVersion = 17.14.36310.24
MinimumVisualStudioVersion = 10.0.40219.1
Project("{FAE04EC0-301F-11D3-BF4B-00C04F79EFBC}") = "AzureBlobProject", "AzureBlobProject\AzureBlobProject.csproj", "{0C95742B-92F4-4BFB-8B7C-BCA86ABFCA8D}"
EndProject
Project("{2150E333-8FDC-42A3-9474-1A3956D46DE8}") = "AzureBlob", "AzureBlob", "{02EA681E-C7D8-13C7-8484-4AC65E1B71E8}"
EndProject
Project("{2150E333-8FDC-42A3-9474-1A3956D46DE8}") = "AzureFunction", "AzureFunction", "{F3A2A907-589E-4920-8528-5DB4F73F6D9E}"
EndProject
Project("{FAE04EC0-301F-11D3-BF4B-00C04F79EFBC}") = "AzureFunctionTangyWeb", "AzureFunctionTangyWeb\AzureFunctionTangyWeb.csproj", "{1E48E141-0A32-4F57-96CC-ABB43EB06FC0}"
EndProject
Project("{FAE04EC0-301F-11D3-BF4B-00C04F79EFBC}") = "TangyAzureFunc", "TangyAzureFunc\TangyAzureFunc.csproj", "{23B1D93A-5C79-4BB6-A598-368A8A379954}"
EndProject
Global
	GlobalSection(SolutionConfigurationPlatforms) = preSolution
		Debug|Any CPU = Debug|Any CPU
		Release|Any CPU = Release|Any CPU
	EndGlobalSection
	GlobalSection(ProjectConfigurationPlatforms) = postSolution
		{0C95742B-92F4-4BFB-8B7C-BCA86ABFCA8D}.Debug|Any CPU.ActiveCfg = Debug|Any CPU
		{0C95742B-92F4-4BFB-8B7C-BCA86ABFCA8D}.Debug|Any CPU.Build.0 = Debug|Any CPU
		{0C95742B-92F4-4BFB-8B7C-BCA86ABFCA8D}.Release|Any CPU.ActiveCfg = Release|Any CPU
		{0C95742B-92F4-4BFB-8B7C-BCA86ABFCA8D}.Release|Any CPU.Build.0 = Release|Any CPU
		{1E48E141-0A32-4F57-96CC-ABB43EB06FC0}.Debug|Any CPU.ActiveCfg = Debug|Any CPU
		{1E48E141-0A32-4F57-96CC-ABB43EB06FC0}.Debug|Any CPU.Build.0 = Debug|Any CPU
		{1E48E141-0A32-4F57-96CC-ABB43EB06FC0}.Release|Any CPU.ActiveCfg = Release|Any CPU
		{1E48E141-0A32-4F57-96CC-ABB43EB06FC0}.Release|Any CPU.Build.0 = Release|Any CPU
		{23B1D93A-5C79-4BB6-A598-368A8A379954}.Debug|Any CPU.ActiveCfg = Debug|Any CPU
		{23B1D93A-5C79-4BB6-A598-368A8A379954}.Debug|Any CPU.Build.0 = Debug|Any CPU
		{23B1D93A-5C79-4BB6-A598-368A8A379954}.Release|Any CPU.ActiveCfg = Release|Any CPU
		{23B1D93A-5C79-4BB6-A598-368A8A379954}.Release|Any CPU.Build.0 = Release|Any CPU
	EndGlobalSection
	GlobalSection(SolutionProperties) = preSolution
		HideSolutionNode = FALSE
	EndGlobalSection
	GlobalSection(NestedProjects) = preSolution
		{0C95742B-92F4-4BFB-8B7C-BCA86ABFCA8D} = {02EA681E-C7D8-13C7-8484-4AC65E1B71E8}
		{1E48E141-0A32-4F57-96CC-ABB43EB06FC0} = {F3A2A907-589E-4920-8528-5DB4F73F6D9E}
		{23B1D93A-5C79-4BB6-A598-368A8A379954} = {F3A2A907-589E-4920-8528-5DB4F73F6D9E}
	EndGlobalSection
	GlobalSection(ExtensibilityGlobals) = postSolution
		SolutionGuid = {D0492F13-B0F5-4D15-82B0-63A6BCB416FE}
	EndGlobalSection
EndGlobal
